{
  "nodes": {
    "nix-litex": {
      "inputs": {
        "nixpkgs": [
          "nixpkgs"
        ]
      },
      "locked": {
        "lastModified": 1771773662,
        "narHash": "sha256-ncz6IH7/Nk677IbPweb9wBvcBGpB1soNvLv2B4y0Rlk=",
        "owner": "Quantum-Serendipity",
        "repo": "nix-litex",
        "rev": "1a8bab3ae09f97b21851cced11c306addfb9697a",
        "type": "github"
      },
      "original": {
        "owner": "Quantum-Serendipity",
        "repo": "nix-litex",
        "type": "github"
      }
    },
    "nixpkgs": {
      "locked": {
        "lastModified": 1771207753,
        "narHash": "sha256-b9uG8yN50DRQ6A7JdZBfzq718ryYrlmGgqkRm9OOwCE=",
        "owner": "NixOS",
        "repo": "nixpkgs",
        "rev": "d1c15b7d5806069da59e819999d70e1cec0760bf",
        "type": "github"
      },
      "original": {
        "owner": "NixOS",
        "ref": "nixpkgs-unstable",
        "repo": "nixpkgs",
        "type": "github"
      }
    },
    "root": {
      "inputs": {
        "nix-litex": "nix-litex",
        "nixpkgs": "nixpkgs"
      }
    }
  },
  "root": "root",
  "version": 7
}
